Microsoft Visual Studio Solution File, Format Version 10.00
# Visual Studio 2008
Project("{8BC9CEB8-8B4A-11D0-8D11-00A0C91BC942}") = "MinecraftPECE", "MinecraftPECE-WS2008.vcproj", "{8E4A1B6C-4D3A-4E0F-9A54-CE2008D3D001}"
EndProject
Global
    GlobalSection(SolutionConfigurationPlatforms) = preSolution
        Release|Windows Mobile 6 Standard SDK (ARMV4I) = Release|Windows Mobile 6 Standard SDK (ARMV4I)
        Debug|Windows Mobile 6 Standard SDK (ARMV4I) = Debug|Windows Mobile 6 Standard SDK (ARMV4I)
    EndGlobalSection
    GlobalSection(ProjectConfigurationPlatforms) = postSolution
        {8E4A1B6C-4D3A-4E0F-9A54-CE2008D3D001}.Release|Windows Mobile 6 Standard SDK (ARMV4I).ActiveCfg = Release|Windows Mobile 6 Standard SDK (ARMV4I)
        {8E4A1B6C-4D3A-4E0F-9A54-CE2008D3D001}.Release|Windows Mobile 6 Standard SDK (ARMV4I).Build.0 = Release|Windows Mobile 6 Standard SDK (ARMV4I)
        {8E4A1B6C-4D3A-4E0F-9A54-CE2008D3D001}.Debug|Windows Mobile 6 Standard SDK (ARMV4I).ActiveCfg = Debug|Windows Mobile 6 Standard SDK (ARMV4I)
        {8E4A1B6C-4D3A-4E0F-9A54-CE2008D3D001}.Debug|Windows Mobile 6 Standard SDK (ARMV4I).Build.0 = Debug|Windows Mobile 6 Standard SDK (ARMV4I)
    EndGlobalSection
    GlobalSection(SolutionProperties) = preSolution
        HideSolutionNode = FALSE
    EndGlobalSection
EndGlobal
